
Microsoft Visual Studio Solution File, Format Version 12.00
# Visual Studio Version 17
VisualStudioVersion = 17.0.31919.166
MinimumVisualStudioVersion = 10.0.40219.1
Project("{FAE04EC0-301F-11D3-BF4B-00C04F79EFBC}") = "AH_Project", "AH_Project\AH_Project.csproj", "{4394A3AA-5EC6-4200-85C8-1E38E3623846}"
EndProject
Global
	GlobalSection(SolutionConfigurationPlatforms) = preSolution
		Debug|Any CPU = Debug|Any CPU
		Release|Any CPU = Release|Any CPU
	EndGlobalSection
	GlobalSection(ProjectConfigurationPlatforms) = postSolution
		{4394A3AA-5EC6-4200-85C8-1E38E3623846}.Debug|Any CPU.ActiveCfg = Debug|Any CPU
		{4394A3AA-5EC6-4200-85C8-1E38E3623846}.Debug|Any CPU.Build.0 = Debug|Any CPU
		{4394A3AA-5EC6-4200-85C8-1E38E3623846}.Release|Any CPU.ActiveCfg = Release|Any CPU
		{4394A3AA-5EC6-4200-85C8-1E38E3623846}.Release|Any CPU.Build.0 = Release|Any CPU
	EndGlobalSection
	GlobalSection(SolutionProperties) = preSolution
		HideSolutionNode = FALSE
	EndGlobalSection
	GlobalSection(ExtensibilityGlobals) = postSolution
		SolutionGuid = {08E5F26F-CE72-4E40-801F-05AD563F1ED3}
	EndGlobalSection
EndGlobal
